{
  "pid": 63539,
  "startedAt": "2026-03-17T15:19:36.159Z",
  "unitType": "complete-slice",
  "unitId": "M001/S01",
  "unitStartedAt": "2026-03-17T15:19:36.159Z",
  "completedUnits": 4,
  "sessionFile": "/Users/wollax/.kata-cli/sessions/2026-03-17T15-19-36-159Z_b8cd8ca4-8edb-420e-baf2-640272e3214d.jsonl"
}