{
  "pid": 63539,
  "startedAt": "2026-03-17T15:21:46.513Z",
  "unitType": "reassess-roadmap",
  "unitId": "M001/S01",
  "unitStartedAt": "2026-03-17T15:21:46.513Z",
  "completedUnits": 5,
  "sessionFile": "/Users/wollax/.kata-cli/sessions/2026-03-17T15-21-46-513Z_2f6a9a1c-a41a-4b6e-8ca3-5843baf79e3e.jsonl"
}