{
  "pid": 98378,
  "startedAt": "2026-03-23T00:58:20.193Z",
  "unitType": "execute-task",
  "unitId": "M007/S01/T03",
  "unitStartedAt": "2026-03-23T01:24:01.477Z",
  "completedUnits": 4,
  "sessionFile": "/Users/wollax/.kata-cli/sessions/2026-03-23T01-24-01-300Z_f424ebb2-950b-4ee9-8ed3-5c170e11e52e.jsonl"
}