{
  "pid": 98378,
  "startedAt": "2026-03-23T15:22:11.392Z",
  "unitType": "execute-task",
  "unitId": "M007/S01/T01",
  "unitStartedAt": "2026-03-23T15:55:53.445Z",
  "completedUnits": 2,
  "sessionFile": "/Users/wollax/.kata-cli/sessions/2026-03-23T15-55-53-298Z_d5e4661d-6823-4d92-a34e-582d95bd0950.jsonl"
}